# THIS IS AN AUTOGENERATED FILE. DO NOT EDIT THIS FILE DIRECTLY.
# yarn lockfile v1


"@playwright/test@^1.40.1":
  version "1.40.1"
  resolved "https://registry.yarnpkg.com/@playwright/test/-/test-1.40.1.tgz#9e66322d97b1d74b9f8718bacab15080f24cde65"
  integrity sha512-EaaawMTOeEItCRvfmkI9v6rBkF1svM8wjl/YPRrg2N2Wmp+4qJYkWtJsbew1szfKKDm6fPLy4YAanBhIlf9dWw==
  dependencies:
    playwright "1.40.1"

"@types/node@^20.10.0":
  version "20.10.0"
  resolved "https://registry.npmjs.org/@types/node/-/node-20.10.0.tgz"
  integrity sha512-D0WfRmU9TQ8I9PFx9Yc+EBHw+vSpIub4IDvQivcp26PtPrdMGAq5SDcpXEo/epqa/DXotVpekHiLNTg3iaKXBQ==
  dependencies:
    undici-types "~5.26.4"

allure-js-commons@2.10.0:
  version "2.10.0"
  resolved "https://registry.yarnpkg.com/allure-js-commons/-/allure-js-commons-2.10.0.tgz#59edd18ac283bd58d848e47fc7e625342921a43a"
  integrity sha512-DgACWBU2dchQD8tQOo5Y0MXx08SSzdgCnKBdwrOu29vITYBXih+0r8SbmrFYQhjAbn8eKMM+mXq+rKtjZRa2oA==
  dependencies:
    properties "^1.2.1"

allure-playwright@^2.10.0:
  version "2.10.0"
  resolved "https://registry.yarnpkg.com/allure-playwright/-/allure-playwright-2.10.0.tgz#f5ff5a1dcc946ed92b056a1d45d7aa3c55b391ca"
  integrity sha512-zDljPJ/Fnyd2fn7msChtZebwkSVmAGLe/oWK7okGi0Ed+iHZ0E5Vwe5Z5MtUdfLjnT/OkOduwmS7R/DHeTXFSA==
  dependencies:
    allure-js-commons "2.10.0"

assertion-error@^1.1.0:
  version "1.1.0"
  resolved "https://registry.yarnpkg.com/assertion-error/-/assertion-error-1.1.0.tgz#e60b6b0e8f301bd97e5375215bda406c85118c0b"
  integrity sha512-jgsaNduz+ndvGyFt3uSuWqvy4lCnIJiovtouQN5JZHOKCS2QuhEdbcQHFhVksz2N2U9hXJo8odG7ETyWlEeuDw==

chai@^4.3.10:
  version "4.3.10"
  resolved "https://registry.yarnpkg.com/chai/-/chai-4.3.10.tgz#d784cec635e3b7e2ffb66446a63b4e33bd390384"
  integrity sha512-0UXG04VuVbruMUYbJ6JctvH0YnC/4q3/AkT18q4NaITo91CUm0liMS9VqzT9vZhVQ/1eqPanMWjBM+Juhfb/9g==
  dependencies:
    assertion-error "^1.1.0"
    check-error "^1.0.3"
    deep-eql "^4.1.3"
    get-func-name "^2.0.2"
    loupe "^2.3.6"
    pathval "^1.1.1"
    type-detect "^4.0.8"

check-error@^1.0.3:
  version "1.0.3"
  resolved "https://registry.yarnpkg.com/check-error/-/check-error-1.0.3.tgz#a6502e4312a7ee969f646e83bb3ddd56281bd694"
  integrity sha512-iKEoDYaRmd1mxM90a2OEfWhjsjPpYPuQ+lMYsoxB126+t8fw7ySEO48nmDg5COTjxDI65/Y2OWpeEHk3ZOe8zg==
  dependencies:
    get-func-name "^2.0.2"

deep-eql@^4.1.3:
  version "4.1.3"
  resolved "https://registry.yarnpkg.com/deep-eql/-/deep-eql-4.1.3.tgz#7c7775513092f7df98d8df9996dd085eb668cc6d"
  integrity sha512-WaEtAOpRA1MQ0eohqZjpGD8zdI0Ovsm8mmFhaDN8dvDZzyoUMcYDnf5Y6iu7HTXxf8JDS23qWa4a+hKCDyOPzw==
  dependencies:
    type-detect "^4.0.0"

dotenv@^16.3.1:
  version "16.3.1"
  resolved "https://registry.npmjs.org/dotenv/-/dotenv-16.3.1.tgz"
  integrity sha512-IPzF4w4/Rd94bA9imS68tZBaYyBWSCE47V1RGuMrB94iyTOIEwRmVL2x/4An+6mETpLrKJ5hQkB8W4kFAadeIQ==

fsevents@2.3.2:
  version "2.3.2"
  resolved "https://registry.npmjs.org/fsevents/-/fsevents-2.3.2.tgz"
  integrity sha512-xiqMQR4xAeHTuB9uWm+fFRcIOgKBMiOBP+eXiyT7jsgVCq1bkVygt00oASowB7EdtpOHaaPgKt812P9ab+DDKA==

get-func-name@^2.0.1, get-func-name@^2.0.2:
  version "2.0.2"
  resolved "https://registry.yarnpkg.com/get-func-name/-/get-func-name-2.0.2.tgz#0d7cf20cd13fda808669ffa88f4ffc7a3943fc41"
  integrity sha512-8vXOvuE167CtIc3OyItco7N/dpRtBbYOsPsXCz7X/PMnlGjYjSGuZJgM1Y7mmew7BKf9BqvLX2tnOVy1BBUsxQ==

loupe@^2.3.6:
  version "2.3.7"
  resolved "https://registry.yarnpkg.com/loupe/-/loupe-2.3.7.tgz#6e69b7d4db7d3ab436328013d37d1c8c3540c697"
  integrity sha512-zSMINGVYkdpYSOBmLi0D1Uo7JU9nVdQKrHxC8eYlV+9YKK9WePqAlL7lSlorG/U2Fw1w0hTBmaa/jrQ3UbPHtA==
  dependencies:
    get-func-name "^2.0.1"

pathval@^1.1.1:
  version "1.1.1"
  resolved "https://registry.yarnpkg.com/pathval/-/pathval-1.1.1.tgz#8534e77a77ce7ac5a2512ea21e0fdb8fcf6c3d8d"
  integrity sha512-Dp6zGqpTdETdR63lehJYPeIOqpiNBNtc7BpWSLrOje7UaIsE5aY92r/AunQA7rsXvet3lrJ3JnZX29UPTKXyKQ==

playwright-core@1.40.1:
  version "1.40.1"
  resolved "https://registry.yarnpkg.com/playwright-core/-/playwright-core-1.40.1.tgz#442d15e86866a87d90d07af528e0afabe4c75c05"
  integrity sha512-+hkOycxPiV534c4HhpfX6yrlawqVUzITRKwHAmYfmsVreltEl6fAZJ3DPfLMOODw0H3s1Itd6MDCWmP1fl/QvQ==

playwright@1.40.1:
  version "1.40.1"
  resolved "https://registry.yarnpkg.com/playwright/-/playwright-1.40.1.tgz#a11bf8dca15be5a194851dbbf3df235b9f53d7ae"
  integrity sha512-2eHI7IioIpQ0bS1Ovg/HszsN/XKNwEG1kbzSDDmADpclKc7CyqkHw7Mg2JCz/bbCxg25QUPcjksoMW7JcIFQmw==
  dependencies:
    playwright-core "1.40.1"
  optionalDependencies:
    fsevents "2.3.2"

properties@^1.2.1:
  version "1.2.1"
  resolved "https://registry.yarnpkg.com/properties/-/properties-1.2.1.tgz#0ee97a7fc020b1a2a55b8659eda4aa8d869094bd"
  integrity sha512-qYNxyMj1JeW54i/EWEFsM1cVwxJbtgPp8+0Wg9XjNaK6VE/c4oRi6PNu5p7w1mNXEIQIjV5Wwn8v8Gz82/QzdQ==

type-detect@^4.0.0, type-detect@^4.0.8:
  version "4.0.8"
  resolved "https://registry.yarnpkg.com/type-detect/-/type-detect-4.0.8.tgz#7646fb5f18871cfbb7749e69bd39a6388eb7450c"
  integrity sha512-0fr/mIH1dlO+x7TlcMy+bIDqKPsw/70tVyeHW787goQjhmqaZe10uwLujubK9q9Lg6Fiho1KUKDYz0Z7k7g5/g==

undici-types@~5.26.4:
  version "5.26.5"
  resolved "https://registry.npmjs.org/undici-types/-/undici-types-5.26.5.tgz"
  integrity sha512-JlCMO+ehdEIKqlFxk6IfVoAUVmgz7cU7zD/h9XZ0qzeosSHmUJVOzSQvvYSYWXkFXC+IfLKSIffhv0sVZup6pA==
